<?xml version="1.0" encoding="utf-8"?>
<Project ToolsVersion="4.0" xmlns="http://schemas.microsoft.com/developer/msbuild/2003">
  <ItemGroup>
    <None Include="Instancing.hlsl" />
  </ItemGroup>
  <ItemGroup>
    <ClCompile Include="InstancingApp.cpp" />
    <ClCompile Include="InstancingMain.cpp" />
  </ItemGroup>
  <ItemGroup>
    <ClInclude Include="InstancingApp.h" />
  </ItemGroup>
</Project>