<?xml version="1.0" encoding="utf-8"?>
<Project ToolsVersion="4.0" xmlns="http://schemas.microsoft.com/developer/msbuild/2003">
  <ItemGroup>
    <Filter Include="dx">
      <UniqueIdentifier>{754d8b22-e70d-42ef-b3ff-0ef3b5cf680d}</UniqueIdentifier>
    </Filter>
    <Filter Include="core">
      <UniqueIdentifier>{453a6f16-5bb8-4e0a-aa9a-cc2a87902ba6}</UniqueIdentifier>
    </Filter>
    <Filter Include="gl">
      <UniqueIdentifier>{db830549-e44d-4d8d-9b58-930bcf6d0c27}</UniqueIdentifier>
    </Filter>
  </ItemGroup>
  <ItemGroup>
    <ClCompile Include="dx\DxLight.cpp">
      <Filter>dx</Filter>
    </ClCompile>
    <ClCompile Include="dx\DxMesh.cpp">
      <Filter>dx</Filter>
    </ClCompile>
    <ClCompile Include="dx\DxTexture.cpp">
      <Filter>dx</Filter>
    </ClCompile>
    <ClCompile Include="dx\SystemEventDispatcher.cpp">
      <Filter>core</Filter>
    </ClCompile>
    <ClCompile Include="core\IvyUtils.cpp">
      <Filter>core</Filter>
    </ClCompile>
    <ClCompile Include="core\IvyInput.cpp">
      <Filter>core</Filter>
    </ClCompile>
    <ClCompile Include="core\IvyLight.cpp">
      <Filter>core</Filter>
    </ClCompile>
    <ClCompile Include="core\IvyPerf.cpp">
      <Filter>core</Filter>
    </ClCompile>
    <ClCompile Include="core\IvyImporter.cpp">
      <Filter>core</Filter>
    </ClCompile>
    <ClCompile Include="dx\DxBuffer.cpp">
      <Filter>dx</Filter>
    </ClCompile>
    <ClCompile Include="core\IvyCamera.cpp">
      <Filter>core</Filter>
    </ClCompile>
    <ClCompile Include="gl\GLShader.cpp">
      <Filter>gl</Filter>
    </ClCompile>
    <ClCompile Include="gl\GLTexture.cpp">
      <Filter>gl</Filter>
    </ClCompile>
    <ClCompile Include="core\IvyTexture.cpp">
      <Filter>core</Filter>
    </ClCompile>
    <ClCompile Include="dx\DxShader.cpp">
      <Filter>dx</Filter>
    </ClCompile>
    <ClCompile Include="core\IvyShader.cpp">
      <Filter>core</Filter>
    </ClCompile>
    <ClCompile Include="core\IvyMesh.cpp">
      <Filter>core</Filter>
    </ClCompile>
    <ClCompile Include="gl\GLMesh.cpp">
      <Filter>gl</Filter>
    </ClCompile>
    <ClCompile Include="core\IvyWindow.cpp">
      <Filter>core</Filter>
    </ClCompile>
    <ClCompile Include="core\IvyApp.cpp">
      <Filter>core</Filter>
    </ClCompile>
    <ClCompile Include="dx\DxApp.cpp">
      <Filter>dx</Filter>
    </ClCompile>
    <ClCompile Include="core\IvyConfig.cpp">
      <Filter>core</Filter>
    </ClCompile>
    <ClCompile Include="dx\DxUI.cpp">
      <Filter>dx</Filter>
    </ClCompile>
  </ItemGroup>
  <ItemGroup>
    <ClInclude Include="dx\DxLight.h">
      <Filter>dx</Filter>
    </ClInclude>
    <ClInclude Include="dx\DxMesh.h">
      <Filter>dx</Filter>
    </ClInclude>
    <ClInclude Include="dx\DxText.h">
      <Filter>dx</Filter>
    </ClInclude>
    <ClInclude Include="dx\DxTexture.h">
      <Filter>dx</Filter>
    </ClInclude>
    <ClInclude Include="dx\DxTypes.h">
      <Filter>dx</Filter>
    </ClInclude>
    <ClInclude Include="dx\SystemEventDispatcher.h">
      <Filter>core</Filter>
    </ClInclude>
    <ClInclude Include="dx\DxBuffer.h">
      <Filter>dx</Filter>
    </ClInclude>
    <ClInclude Include="core\IvyMemory.h">
      <Filter>core</Filter>
    </ClInclude>
    <ClInclude Include="core\IvyTypes.h">
      <Filter>core</Filter>
    </ClInclude>
    <ClInclude Include="core\IvyEvents.h">
      <Filter>core</Filter>
    </ClInclude>
    <ClInclude Include="core\IvyUtils.h">
      <Filter>core</Filter>
    </ClInclude>
    <ClInclude Include="core\IvyInput.h">
      <Filter>core</Filter>
    </ClInclude>
    <ClInclude Include="core\IvyLight.h">
      <Filter>core</Filter>
    </ClInclude>
    <ClInclude Include="core\IvyPerf.h">
      <Filter>core</Filter>
    </ClInclude>
    <ClInclude Include="core\IvyImporter.h">
      <Filter>core</Filter>
    </ClInclude>
    <ClInclude Include="core\IvyObject.h">
      <Filter>core</Filter>
    </ClInclude>
    <ClInclude Include="dx\DxUtils.h">
      <Filter>dx</Filter>
    </ClInclude>
    <ClInclude Include="core\IvyCamera.h">
      <Filter>core</Filter>
    </ClInclude>
    <ClInclude Include="gl\GLShader.h">
      <Filter>gl</Filter>
    </ClInclude>
    <ClInclude Include="gl\IvyGL.h">
      <Filter>gl</Filter>
    </ClInclude>
    <ClInclude Include="core\IvyMath.h">
      <Filter>core</Filter>
    </ClInclude>
    <ClInclude Include="core\IvyTexture.h">
      <Filter>core</Filter>
    </ClInclude>
    <ClInclude Include="gl\GLTexture.h">
      <Filter>gl</Filter>
    </ClInclude>
    <ClInclude Include="core\IvyShader.h">
      <Filter>core</Filter>
    </ClInclude>
    <ClInclude Include="dx\DxShader.h">
      <Filter>dx</Filter>
    </ClInclude>
    <ClInclude Include="core\IvyMesh.h">
      <Filter>core</Filter>
    </ClInclude>
    <ClInclude Include="gl\GLMesh.h">
      <Filter>gl</Filter>
    </ClInclude>
    <ClInclude Include="core\IvyPlatform.h">
      <Filter>core</Filter>
    </ClInclude>
    <ClInclude Include="core\IvyApp.h">
      <Filter>core</Filter>
    </ClInclude>
    <ClInclude Include="core\IvyWindow.h">
      <Filter>core</Filter>
    </ClInclude>
    <ClInclude Include="dx\DxApp.h">
      <Filter>dx</Filter>
    </ClInclude>
    <ClInclude Include="core\IvyConfig.h">
      <Filter>core</Filter>
    </ClInclude>
    <ClInclude Include="dx\DxUI.h">
      <Filter>dx</Filter>
    </ClInclude>
  </ItemGroup>
</Project>