
Microsoft Visual Studio Solution File, Format Version 11.00
# Visual Studio 2010
Project("{8BC9CEB8-8B4A-11D0-8D11-00A0C91BC942}") = "DXMultithread", "DXMultithread\DXMultithread.vcxproj", "{7B151EDB-8A97-4C73-A29F-0146689F5D69}"
EndProject
Project("{8BC9CEB8-8B4A-11D0-8D11-00A0C91BC942}") = "DXTestApp", "DXTestApp\DXTestApp.vcxproj", "{E6B5787A-E726-4F5A-931F-E1C6F3F3324D}"
	ProjectSection(ProjectDependencies) = postProject
		{D77ECF9E-A971-404A-8C37-ACE307448144} = {D77ECF9E-A971-404A-8C37-ACE307448144}
	EndProjectSection
EndProject
Project("{8BC9CEB8-8B4A-11D0-8D11-00A0C91BC942}") = "DXCompute", "DXCompute\DXCompute.vcxproj", "{20F6F17F-F00A-4F7E-9C54-C4F3B7C04623}"
	ProjectSection(ProjectDependencies) = postProject
		{D77ECF9E-A971-404A-8C37-ACE307448144} = {D77ECF9E-A971-404A-8C37-ACE307448144}
	EndProjectSection
EndProject
Project("{8BC9CEB8-8B4A-11D0-8D11-00A0C91BC942}") = "CollisionDetection", "CollisionDetection\CollisionDetection.vcxproj", "{09947E2B-FB57-4DC5-9050-8D91E4656517}"
	ProjectSection(ProjectDependencies) = postProject
		{D77ECF9E-A971-404A-8C37-ACE307448144} = {D77ECF9E-A971-404A-8C37-ACE307448144}
	EndProjectSection
EndProject
Project("{8BC9CEB8-8B4A-11D0-8D11-00A0C91BC942}") = "RayTracer", "RayTracer\RayTracer.vcxproj", "{C17C4C2C-B868-4158-BE7F-C618E4067D59}"
	ProjectSection(ProjectDependencies) = postProject
		{D77ECF9E-A971-404A-8C37-ACE307448144} = {D77ECF9E-A971-404A-8C37-ACE307448144}
	EndProjectSection
EndProject
Project("{8BC9CEB8-8B4A-11D0-8D11-00A0C91BC942}") = "MLAA", "MLAA\MLAA.vcxproj", "{2EE87E25-2649-4B3F-B123-1A2801C441FE}"
	ProjectSection(ProjectDependencies) = postProject
		{D77ECF9E-A971-404A-8C37-ACE307448144} = {D77ECF9E-A971-404A-8C37-ACE307448144}
	EndProjectSection
EndProject
Project("{8BC9CEB8-8B4A-11D0-8D11-00A0C91BC942}") = "OGLTest", "OGLTest\OGLTest.vcxproj", "{1A18E91D-FE6D-4F2B-9A94-24EC0F1282FB}"
EndProject
Project("{8BC9CEB8-8B4A-11D0-8D11-00A0C91BC942}") = "AllocatorTest", "AllocatorTest\AllocatorTest.vcxproj", "{B4CA5EEF-4DE7-43EB-8350-B98157B01DFA}"
EndProject
Project("{8BC9CEB8-8B4A-11D0-8D11-00A0C91BC942}") = "CelShade", "CelShade\CelShade.vcxproj", "{31C8C057-5D01-4FD4-AB1D-AA419993B6E8}"
	ProjectSection(ProjectDependencies) = postProject
		{D77ECF9E-A971-404A-8C37-ACE307448144} = {D77ECF9E-A971-404A-8C37-ACE307448144}
	EndProjectSection
EndProject
Project("{8BC9CEB8-8B4A-11D0-8D11-00A0C91BC942}") = "ConfigTest", "ConfigTest\ConfigTest.vcxproj", "{AB86A25E-86F2-417D-99C5-5B85376E9061}"
EndProject
Project("{8BC9CEB8-8B4A-11D0-8D11-00A0C91BC942}") = "IvyEngine", "IvyEngine\IvyEngine.vcxproj", "{D77ECF9E-A971-404A-8C37-ACE307448144}"
EndProject
Project("{2150E333-8FDC-42A3-9474-1A3956D46DE8}") = "Tests", "Tests", "{2E16B111-1562-4450-8B05-6CD37F0EC82A}"
EndProject
Global
	GlobalSection(SolutionConfigurationPlatforms) = preSolution
		Debug|Win32 = Debug|Win32
		Release|Win32 = Release|Win32
	EndGlobalSection
	GlobalSection(ProjectConfigurationPlatforms) = postSolution
		{7B151EDB-8A97-4C73-A29F-0146689F5D69}.Debug|Win32.ActiveCfg = Debug|Win32
		{7B151EDB-8A97-4C73-A29F-0146689F5D69}.Debug|Win32.Build.0 = Debug|Win32
		{7B151EDB-8A97-4C73-A29F-0146689F5D69}.Release|Win32.ActiveCfg = Release|Win32
		{7B151EDB-8A97-4C73-A29F-0146689F5D69}.Release|Win32.Build.0 = Release|Win32
		{E6B5787A-E726-4F5A-931F-E1C6F3F3324D}.Debug|Win32.ActiveCfg = Debug|Win32
		{E6B5787A-E726-4F5A-931F-E1C6F3F3324D}.Debug|Win32.Build.0 = Debug|Win32
		{E6B5787A-E726-4F5A-931F-E1C6F3F3324D}.Release|Win32.ActiveCfg = Release|Win32
		{E6B5787A-E726-4F5A-931F-E1C6F3F3324D}.Release|Win32.Build.0 = Release|Win32
		{20F6F17F-F00A-4F7E-9C54-C4F3B7C04623}.Debug|Win32.ActiveCfg = Debug|Win32
		{20F6F17F-F00A-4F7E-9C54-C4F3B7C04623}.Debug|Win32.Build.0 = Debug|Win32
		{20F6F17F-F00A-4F7E-9C54-C4F3B7C04623}.Release|Win32.ActiveCfg = Release|Win32
		{20F6F17F-F00A-4F7E-9C54-C4F3B7C04623}.Release|Win32.Build.0 = Release|Win32
		{09947E2B-FB57-4DC5-9050-8D91E4656517}.Debug|Win32.ActiveCfg = Debug|Win32
		{09947E2B-FB57-4DC5-9050-8D91E4656517}.Debug|Win32.Build.0 = Debug|Win32
		{09947E2B-FB57-4DC5-9050-8D91E4656517}.Release|Win32.ActiveCfg = Release|Win32
		{09947E2B-FB57-4DC5-9050-8D91E4656517}.Release|Win32.Build.0 = Release|Win32
		{C17C4C2C-B868-4158-BE7F-C618E4067D59}.Debug|Win32.ActiveCfg = Debug|Win32
		{C17C4C2C-B868-4158-BE7F-C618E4067D59}.Debug|Win32.Build.0 = Debug|Win32
		{C17C4C2C-B868-4158-BE7F-C618E4067D59}.Release|Win32.ActiveCfg = Release|Win32
		{C17C4C2C-B868-4158-BE7F-C618E4067D59}.Release|Win32.Build.0 = Release|Win32
		{2EE87E25-2649-4B3F-B123-1A2801C441FE}.Debug|Win32.ActiveCfg = Debug|Win32
		{2EE87E25-2649-4B3F-B123-1A2801C441FE}.Debug|Win32.Build.0 = Debug|Win32
		{2EE87E25-2649-4B3F-B123-1A2801C441FE}.Release|Win32.ActiveCfg = Release|Win32
		{2EE87E25-2649-4B3F-B123-1A2801C441FE}.Release|Win32.Build.0 = Release|Win32
		{1A18E91D-FE6D-4F2B-9A94-24EC0F1282FB}.Debug|Win32.ActiveCfg = Debug|Win32
		{1A18E91D-FE6D-4F2B-9A94-24EC0F1282FB}.Debug|Win32.Build.0 = Debug|Win32
		{1A18E91D-FE6D-4F2B-9A94-24EC0F1282FB}.Release|Win32.ActiveCfg = Release|Win32
		{1A18E91D-FE6D-4F2B-9A94-24EC0F1282FB}.Release|Win32.Build.0 = Release|Win32
		{B4CA5EEF-4DE7-43EB-8350-B98157B01DFA}.Debug|Win32.ActiveCfg = Debug|Win32
		{B4CA5EEF-4DE7-43EB-8350-B98157B01DFA}.Debug|Win32.Build.0 = Debug|Win32
		{B4CA5EEF-4DE7-43EB-8350-B98157B01DFA}.Release|Win32.ActiveCfg = Release|Win32
		{B4CA5EEF-4DE7-43EB-8350-B98157B01DFA}.Release|Win32.Build.0 = Release|Win32
		{31C8C057-5D01-4FD4-AB1D-AA419993B6E8}.Debug|Win32.ActiveCfg = Debug|Win32
		{31C8C057-5D01-4FD4-AB1D-AA419993B6E8}.Debug|Win32.Build.0 = Debug|Win32
		{31C8C057-5D01-4FD4-AB1D-AA419993B6E8}.Release|Win32.ActiveCfg = Release|Win32
		{31C8C057-5D01-4FD4-AB1D-AA419993B6E8}.Release|Win32.Build.0 = Release|Win32
		{AB86A25E-86F2-417D-99C5-5B85376E9061}.Debug|Win32.ActiveCfg = Debug|Win32
		{AB86A25E-86F2-417D-99C5-5B85376E9061}.Debug|Win32.Build.0 = Debug|Win32
		{AB86A25E-86F2-417D-99C5-5B85376E9061}.Release|Win32.ActiveCfg = Release|Win32
		{AB86A25E-86F2-417D-99C5-5B85376E9061}.Release|Win32.Build.0 = Release|Win32
		{D77ECF9E-A971-404A-8C37-ACE307448144}.Debug|Win32.ActiveCfg = Debug|Win32
		{D77ECF9E-A971-404A-8C37-ACE307448144}.Debug|Win32.Build.0 = Debug|Win32
		{D77ECF9E-A971-404A-8C37-ACE307448144}.Release|Win32.ActiveCfg = Release|Win32
		{D77ECF9E-A971-404A-8C37-ACE307448144}.Release|Win32.Build.0 = Release|Win32
	EndGlobalSection
	GlobalSection(SolutionProperties) = preSolution
		HideSolutionNode = FALSE
	EndGlobalSection
	GlobalSection(NestedProjects) = preSolution
		{20F6F17F-F00A-4F7E-9C54-C4F3B7C04623} = {2E16B111-1562-4450-8B05-6CD37F0EC82A}
		{1A18E91D-FE6D-4F2B-9A94-24EC0F1282FB} = {2E16B111-1562-4450-8B05-6CD37F0EC82A}
		{B4CA5EEF-4DE7-43EB-8350-B98157B01DFA} = {2E16B111-1562-4450-8B05-6CD37F0EC82A}
		{AB86A25E-86F2-417D-99C5-5B85376E9061} = {2E16B111-1562-4450-8B05-6CD37F0EC82A}
		{7B151EDB-8A97-4C73-A29F-0146689F5D69} = {2E16B111-1562-4450-8B05-6CD37F0EC82A}
	EndGlobalSection
EndGlobal
